// !$*UTF8*$!
{
	archiveVersion = 1;
	classes = {
	};
	objectVersion = 42;
	objects = {

/* Begin PBXBuildFile section */
		5807CE6F12E0F7E0007B0D76 /* InfoPlist.strings in Resources */ = {isa = PBXBuildFile; fileRef = 5807CE6D12E0F7E0007B0D76 /* InfoPlist.strings */; };
		5837788212D65B3800704695 /* StereotaxPointController.h in Headers */ = {isa = PBXBuildFile; fileRef = 5837788012D65B3800704695 /* StereotaxPointController.h */; };
		5837788312D65B3800704695 /* StereotaxPointController.m in Sources */ = {isa = PBXBuildFile; fileRef = 5837788112D65B3800704695 /* StereotaxPointController.m */; };
		583778BC12D65DF800704695 /* StereotaxPointHUD.xib in Resources */ = {isa = PBXBuildFile; fileRef = 583778BB12D65DF800704695 /* StereotaxPointHUD.xib */; };
		587EBBA913553E1A00E441CC /* OsiriXAPI.framework in Frameworks */ = {isa = PBXBuildFile; fileRef = 587EBBA613553DD700E441CC /* OsiriXAPI.framework */; };
		58CAE22812E6080200B3411E /* COPYING in Resources */ = {isa = PBXBuildFile; fileRef = 58CAE22712E6080200B3411E /* COPYING */; };
		8D5B49AE048680CD000E48DA /* StereotaxPoint_Prefix.pch in Headers */ = {isa = PBXBuildFile; fileRef = 32DBCF630370AF2F00C91783 /* StereotaxPoint_Prefix.pch */; };
		8D5B49B4048680CD000E48DA /* Cocoa.framework in Frameworks */ = {isa = PBXBuildFile; fileRef = 1058C7ADFEA557BF11CA2CBB /* Cocoa.framework */; };
		ABA48A650680BB600089EB4F /* StereotaxPointFilter.h in Headers */ = {isa = PBXBuildFile; fileRef = ABA48A640680BB600089EB4F /* StereotaxPointFilter.h */; };
		ABA48A670680BB690089EB4F /* StereotaxPointFilter.m in Sources */ = {isa = PBXBuildFile; fileRef = ABA48A660680BB690089EB4F /* StereotaxPointFilter.m */; };
/* End PBXBuildFile section */

/* Begin PBXContainerItemProxy section */
		587EBB9513553DD700E441CC /* PBXContainerItemProxy */ = {
			isa = PBXContainerItemProxy;
			containerPortal = 587EBB8613553DD700E441CC /* OsiriX.xcodeproj */;
			proxyType = 2;
			remoteGlobalIDString = ABA71D3F06726B1800335A62;
			remoteInfo = OsiriX;
		};
		587EBB9713553DD700E441CC /* PBXContainerItemProxy */ = {
			isa = PBXContainerItemProxy;
			containerPortal = 587EBB8613553DD700E441CC /* OsiriX.xcodeproj */;
			proxyType = 2;
			remoteGlobalIDString = CEC70A1E10A5C845008935EA;
			remoteInfo = "OsiriX Lite";
		};
		587EBB9913553DD700E441CC /* PBXContainerItemProxy */ = {
			isa = PBXContainerItemProxy;
			containerPortal = 587EBB8613553DD700E441CC /* OsiriX.xcodeproj */;
			proxyType = 2;
			remoteGlobalIDString = 59BDEC2D117C92B2007F1F2C;
			remoteInfo = "OsiriX Launcher";
		};
		587EBB9B13553DD700E441CC /* PBXContainerItemProxy */ = {
			isa = PBXContainerItemProxy;
			containerPortal = 587EBB8613553DD700E441CC /* OsiriX.xcodeproj */;
			proxyType = 2;
			remoteGlobalIDString = 844719AF0FD8EF50003BFDF8;
			remoteInfo = "DCM Framework";
		};
		587EBB9D13553DD700E441CC /* PBXContainerItemProxy */ = {
			isa = PBXContainerItemProxy;
			containerPortal = 587EBB8613553DD700E441CC /* OsiriX.xcodeproj */;
			proxyType = 2;
			remoteGlobalIDString = CE9CED810C75BD8C00752D4B;
			remoteInfo = "DCM StaticLibrary";
		};
		587EBB9F13553DD700E441CC /* PBXContainerItemProxy */ = {
			isa = PBXContainerItemProxy;
			containerPortal = 587EBB8613553DD700E441CC /* OsiriX.xcodeproj */;
			proxyType = 2;
			remoteGlobalIDString = AB724FF60ADE6ECB00A212A0;
			remoteInfo = Decompress;
		};
		587EBBA113553DD700E441CC /* PBXContainerItemProxy */ = {
			isa = PBXContainerItemProxy;
			containerPortal = 587EBB8613553DD700E441CC /* OsiriX.xcodeproj */;
			proxyType = 2;
			remoteGlobalIDString = CEDF6DD00B46FE99008B45B8;
			remoteInfo = DICOMPrint;
		};
		587EBBA313553DD700E441CC /* PBXContainerItemProxy */ = {
			isa = PBXContainerItemProxy;
			containerPortal = 587EBB8613553DD700E441CC /* OsiriX.xcodeproj */;
			proxyType = 2;
			remoteGlobalIDString = CEDAAECA0C7B486A00809161;
			remoteInfo = "32-bit shell";
		};
		587EBBA513553DD700E441CC /* PBXContainerItemProxy */ = {
			isa = PBXContainerItemProxy;
			containerPortal = 587EBB8613553DD700E441CC /* OsiriX.xcodeproj */;
			proxyType = 2;
			remoteGlobalIDString = AB0F3A2C1046BD2B004129DD;
			remoteInfo = "OsiriX API";
		};
		587EBBA713553E0300E441CC /* PBXContainerItemProxy */ = {
			isa = PBXContainerItemProxy;
			containerPortal = 587EBB8613553DD700E441CC /* OsiriX.xcodeproj */;
			proxyType = 1;
			remoteGlobalIDString = AB0F3A2B1046BD2B004129DD;
			remoteInfo = "OsiriX API";
		};
/* End PBXContainerItemProxy section */

/* Begin PBXFileReference section */
		089C1672FE841209C02AAC07 /* Foundation.framework */ = {isa = PBXFileReference; lastKnownFileType = wrapper.framework; name = Foundation.framework; path = /System/Library/Frameworks/Foundation.framework; sourceTree = "<absolute>"; };
		089C167FFE841241C02AAC07 /* AppKit.framework */ = {isa = PBXFileReference; lastKnownFileType = wrapper.framework; name = AppKit.framework; path = /System/Library/Frameworks/AppKit.framework; sourceTree = "<absolute>"; };
		1058C7ADFEA557BF11CA2CBB /* Cocoa.framework */ = {isa = PBXFileReference; lastKnownFileType = wrapper.framework; name = Cocoa.framework; path = /System/Library/Frameworks/Cocoa.framework; sourceTree = "<absolute>"; };
		32DBCF630370AF2F00C91783 /* StereotaxPoint_Prefix.pch */ = {isa = PBXFileReference; fileEncoding = 4; lastKnownFileType = sourcecode.c.h; path = StereotaxPoint_Prefix.pch; sourceTree = "<group>"; };
		5807CE6E12E0F7E0007B0D76 /* English */ = {isa = PBXFileReference; fileEncoding = 4; lastKnownFileType = text.plist.strings; name = English; path = English.lproj/InfoPlist.strings; sourceTree = "<group>"; };
		5837788012D65B3800704695 /* StereotaxPointController.h */ = {isa = PBXFileReference; fileEncoding = 4; lastKnownFileType = sourcecode.c.h; path = StereotaxPointController.h; sourceTree = "<group>"; };
		5837788112D65B3800704695 /* StereotaxPointController.m */ = {isa = PBXFileReference; fileEncoding = 4; lastKnownFileType = sourcecode.c.objc; path = StereotaxPointController.m; sourceTree = "<group>"; };
		583778BB12D65DF800704695 /* StereotaxPointHUD.xib */ = {isa = PBXFileReference; lastKnownFileType = file.xib; path = StereotaxPointHUD.xib; sourceTree = "<group>"; };
		587EBB8613553DD700E441CC /* OsiriX.xcodeproj */ = {isa = PBXFileReference; lastKnownFileType = "wrapper.pb-project"; name = OsiriX.xcodeproj; path = "../osirix-stable/OsiriX.xcodeproj"; sourceTree = SOURCE_ROOT; };
		58848837132E779B00A97543 /* Development.xcconfig */ = {isa = PBXFileReference; fileEncoding = 4; lastKnownFileType = text.xcconfig; name = Development.xcconfig; path = xcconfigs/Development.xcconfig; sourceTree = "<group>"; };
		5884886F132E821D00A97543 /* Shared.xcconfig */ = {isa = PBXFileReference; fileEncoding = 4; lastKnownFileType = text.xcconfig; name = Shared.xcconfig; path = xcconfigs/Shared.xcconfig; sourceTree = "<group>"; };
		58848871132E822900A97543 /* Deployment.xcconfig */ = {isa = PBXFileReference; fileEncoding = 4; lastKnownFileType = text.xcconfig; name = Deployment.xcconfig; path = xcconfigs/Deployment.xcconfig; sourceTree = "<group>"; };
		589D3773132E914B00F91FA1 /* OsiriXPlugin.xcconfig */ = {isa = PBXFileReference; fileEncoding = 4; lastKnownFileType = text.xcconfig; name = OsiriXPlugin.xcconfig; path = xcconfigs/OsiriXPlugin.xcconfig; sourceTree = "<group>"; };
		58BF1CB112F1DED30092D4B4 /* set_build_number.sh */ = {isa = PBXFileReference; fileEncoding = 4; lastKnownFileType = text.script.sh; path = set_build_number.sh; sourceTree = "<group>"; };
		58CAE22712E6080200B3411E /* COPYING */ = {isa = PBXFileReference; fileEncoding = 4; lastKnownFileType = text; path = COPYING; sourceTree = "<group>"; };
		8D5B49B7048680CD000E48DA /* Info.plist */ = {isa = PBXFileReference; fileEncoding = 4; lastKnownFileType = text.plist.xml; path = Info.plist; sourceTree = "<group>"; };
		AB5D36050680E57E00F4007A /* StereotaxPoint.osirixplugin */ = {isa = PBXFileReference; explicitFileType = wrapper.cfbundle; includeInIndex = 0; path = StereotaxPoint.osirixplugin; sourceTree = BUILT_PRODUCTS_DIR; };
		ABA48A640680BB600089EB4F /* StereotaxPointFilter.h */ = {isa = PBXFileReference; fileEncoding = 30; lastKnownFileType = sourcecode.c.h; path = StereotaxPointFilter.h; sourceTree = "<group>"; };
		ABA48A660680BB690089EB4F /* StereotaxPointFilter.m */ = {isa = PBXFileReference; fileEncoding = 30; lastKnownFileType = sourcecode.c.objc; path = StereotaxPointFilter.m; sourceTree = "<group>"; };
/* End PBXFileReference section */

/* Begin PBXFrameworksBuildPhase section */
		8D5B49B3048680CD000E48DA /* Frameworks */ = {
			isa = PBXFrameworksBuildPhase;
			buildActionMask = 2147483647;
			files = (
				587EBBA913553E1A00E441CC /* OsiriXAPI.framework in Frameworks */,
				8D5B49B4048680CD000E48DA /* Cocoa.framework in Frameworks */,
			);
			runOnlyForDeploymentPostprocessing = 0;
		};
/* End PBXFrameworksBuildPhase section */

/* Begin PBXGroup section */
		089C166AFE841209C02AAC07 /* StereotaxPoint */ = {
			isa = PBXGroup;
			children = (
				58848836132E778900A97543 /* Build Configurations */,
				08FB77AFFE84173DC02AAC07 /* Classes */,
				587EBB8513553DC600E441CC /* Dependencies */,
				32C88E010371C26100C91783 /* Other Sources */,
				089C167CFE841241C02AAC07 /* Resources */,
				58BF1CB012F1DED30092D4B4 /* Scripts */,
				089C1671FE841209C02AAC07 /* Frameworks and Libraries */,
				19C28FB8FE9D52D311CA2CBB /* Products */,
			);
			name = StereotaxPoint;
			sourceTree = "<group>";
		};
		089C1671FE841209C02AAC07 /* Frameworks and Libraries */ = {
			isa = PBXGroup;
			children = (
				1058C7ACFEA557BF11CA2CBB /* Linked Frameworks */,
				1058C7AEFEA557BF11CA2CBB /* Other Frameworks */,
			);
			name = "Frameworks and Libraries";
			sourceTree = "<group>";
		};
		089C167CFE841241C02AAC07 /* Resources */ = {
			isa = PBXGroup;
			children = (
				58CAE22712E6080200B3411E /* COPYING */,
				8D5B49B7048680CD000E48DA /* Info.plist */,
				5807CE6D12E0F7E0007B0D76 /* InfoPlist.strings */,
				583778BB12D65DF800704695 /* StereotaxPointHUD.xib */,
			);
			name = Resources;
			sourceTree = "<group>";
		};
		08FB77AFFE84173DC02AAC07 /* Classes */ = {
			isa = PBXGroup;
			children = (
				AB2C26750677B0C400A08910 /* StereotaxPointFilter */,
			);
			name = Classes;
			sourceTree = "<group>";
		};
		1058C7ACFEA557BF11CA2CBB /* Linked Frameworks */ = {
			isa = PBXGroup;
			children = (
				1058C7ADFEA557BF11CA2CBB /* Cocoa.framework */,
			);
			name = "Linked Frameworks";
			sourceTree = "<group>";
		};
		1058C7AEFEA557BF11CA2CBB /* Other Frameworks */ = {
			isa = PBXGroup;
			children = (
				089C1672FE841209C02AAC07 /* Foundation.framework */,
				089C167FFE841241C02AAC07 /* AppKit.framework */,
			);
			name = "Other Frameworks";
			sourceTree = "<group>";
		};
		19C28FB8FE9D52D311CA2CBB /* Products */ = {
			isa = PBXGroup;
			children = (
				AB5D36050680E57E00F4007A /* StereotaxPoint.osirixplugin */,
			);
			name = Products;
			sourceTree = "<group>";
		};
		32C88E010371C26100C91783 /* Other Sources */ = {
			isa = PBXGroup;
			children = (
				32DBCF630370AF2F00C91783 /* StereotaxPoint_Prefix.pch */,
			);
			name = "Other Sources";
			sourceTree = "<group>";
		};
		587EBB8513553DC600E441CC /* Dependencies */ = {
			isa = PBXGroup;
			children = (
				587EBB8613553DD700E441CC /* OsiriX.xcodeproj */,
			);
			name = Dependencies;
			sourceTree = "<group>";
		};
		587EBB8713553DD700E441CC /* Products */ = {
			isa = PBXGroup;
			children = (
				587EBB9613553DD700E441CC /* OsiriX.app */,
				587EBB9813553DD700E441CC /* OsiriX Lite.app */,
				587EBB9A13553DD700E441CC /* OsiriX Launcher.app */,
				587EBB9C13553DD700E441CC /* OsiriX.framework */,
				587EBB9E13553DD700E441CC /* libDCM StaticLibrary.a */,
				587EBBA013553DD700E441CC /* Decompress */,
				587EBBA213553DD700E441CC /* DICOMPrint */,
				587EBBA413553DD700E441CC /* 32-bit shell.app */,
				587EBBA613553DD700E441CC /* OsiriXAPI.framework */,
			);
			name = Products;
			sourceTree = "<group>";
		};
		58848836132E778900A97543 /* Build Configurations */ = {
			isa = PBXGroup;
			children = (
				58848871132E822900A97543 /* Deployment.xcconfig */,
				58848837132E779B00A97543 /* Development.xcconfig */,
				589D3773132E914B00F91FA1 /* OsiriXPlugin.xcconfig */,
				5884886F132E821D00A97543 /* Shared.xcconfig */,
			);
			name = "Build Configurations";
			sourceTree = "<group>";
		};
		58BF1CB012F1DED30092D4B4 /* Scripts */ = {
			isa = PBXGroup;
			children = (
				58BF1CB112F1DED30092D4B4 /* set_build_number.sh */,
			);
			path = Scripts;
			sourceTree = "<group>";
		};
		AB2C26750677B0C400A08910 /* StereotaxPointFilter */ = {
			isa = PBXGroup;
			children = (
				5837788012D65B3800704695 /* StereotaxPointController.h */,
				5837788112D65B3800704695 /* StereotaxPointController.m */,
				ABA48A640680BB600089EB4F /* StereotaxPointFilter.h */,
				ABA48A660680BB690089EB4F /* StereotaxPointFilter.m */,
			);
			name = StereotaxPointFilter;
			sourceTree = "<group>";
		};
/* End PBXGroup section */

/* Begin PBXHeadersBuildPhase section */
		8D5B49AD048680CD000E48DA /* Headers */ = {
			isa = PBXHeadersBuildPhase;
			buildActionMask = 2147483647;
			files = (
				8D5B49AE048680CD000E48DA /* StereotaxPoint_Prefix.pch in Headers */,
				ABA48A650680BB600089EB4F /* StereotaxPointFilter.h in Headers */,
				5837788212D65B3800704695 /* StereotaxPointController.h in Headers */,
			);
			runOnlyForDeploymentPostprocessing = 0;
		};
/* End PBXHeadersBuildPhase section */

/* Begin PBXNativeTarget section */
		8D5B49AC048680CD000E48DA /* StereotaxPoint */ = {
			isa = PBXNativeTarget;
			buildConfigurationList = CE6A9A9008AC841300D0C1EE /* Build configuration list for PBXNativeTarget "StereotaxPoint" */;
			buildPhases = (
				8D5B49AD048680CD000E48DA /* Headers */,
				8D5B49AF048680CD000E48DA /* Resources */,
				8D5B49B1048680CD000E48DA /* Sources */,
				58CAE1E812E6057400B3411E /* Set Build Number */,
				8D5B49B3048680CD000E48DA /* Frameworks */,
				8D5B49B5048680CD000E48DA /* Rez */,
			);
			buildRules = (
			);
			dependencies = (
				587EBBA813553E0300E441CC /* PBXTargetDependency */,
			);
			name = StereotaxPoint;
			productInstallPath = "$(HOME)/Library/Bundles";
			productName = Invert;
			productReference = AB5D36050680E57E00F4007A /* StereotaxPoint.osirixplugin */;
			productType = "com.apple.product-type.bundle";
		};
/* End PBXNativeTarget section */

/* Begin PBXProject section */
		089C1669FE841209C02AAC07 /* Project object */ = {
			isa = PBXProject;
			buildConfigurationList = CE6A9A9408AC841300D0C1EE /* Build configuration list for PBXProject "StereotaxPoint" */;
			compatibilityVersion = "Xcode 2.4";
			developmentRegion = English;
			hasScannedForEncodings = 1;
			knownRegions = (
				English,
				Japanese,
				French,
				German,
			);
			mainGroup = 089C166AFE841209C02AAC07 /* StereotaxPoint */;
			projectDirPath = "";
			projectReferences = (
				{
					ProductGroup = 587EBB8713553DD700E441CC /* Products */;
					ProjectRef = 587EBB8613553DD700E441CC /* OsiriX.xcodeproj */;
				},
			);
			projectRoot = "";
			targets = (
				8D5B49AC048680CD000E48DA /* StereotaxPoint */,
			);
		};
/* End PBXProject section */

/* Begin PBXReferenceProxy section */
		587EBB9613553DD700E441CC /* OsiriX.app */ = {
			isa = PBXReferenceProxy;
			fileType = wrapper.application;
			path = OsiriX.app;
			remoteRef = 587EBB9513553DD700E441CC /* PBXContainerItemProxy */;
			sourceTree = BUILT_PRODUCTS_DIR;
		};
		587EBB9813553DD700E441CC /* OsiriX Lite.app */ = {
			isa = PBXReferenceProxy;
			fileType = wrapper.application;
			path = "OsiriX Lite.app";
			remoteRef = 587EBB9713553DD700E441CC /* PBXContainerItemProxy */;
			sourceTree = BUILT_PRODUCTS_DIR;
		};
		587EBB9A13553DD700E441CC /* OsiriX Launcher.app */ = {
			isa = PBXReferenceProxy;
			fileType = wrapper.application;
			path = "OsiriX Launcher.app";
			remoteRef = 587EBB9913553DD700E441CC /* PBXContainerItemProxy */;
			sourceTree = BUILT_PRODUCTS_DIR;
		};
		587EBB9C13553DD700E441CC /* OsiriX.framework */ = {
			isa = PBXReferenceProxy;
			fileType = wrapper.framework;
			path = OsiriX.framework;
			remoteRef = 587EBB9B13553DD700E441CC /* PBXContainerItemProxy */;
			sourceTree = BUILT_PRODUCTS_DIR;
		};
		587EBB9E13553DD700E441CC /* libDCM StaticLibrary.a */ = {
			isa = PBXReferenceProxy;
			fileType = archive.ar;
			path = "libDCM StaticLibrary.a";
			remoteRef = 587EBB9D13553DD700E441CC /* PBXContainerItemProxy */;
			sourceTree = BUILT_PRODUCTS_DIR;
		};
		587EBBA013553DD700E441CC /* Decompress */ = {
			isa = PBXReferenceProxy;
			fileType = "compiled.mach-o.executable";
			path = Decompress;
			remoteRef = 587EBB9F13553DD700E441CC /* PBXContainerItemProxy */;
			sourceTree = BUILT_PRODUCTS_DIR;
		};
		587EBBA213553DD700E441CC /* DICOMPrint */ = {
			isa = PBXReferenceProxy;
			fileType = "compiled.mach-o.executable";
			path = DICOMPrint;
			remoteRef = 587EBBA113553DD700E441CC /* PBXContainerItemProxy */;
			sourceTree = BUILT_PRODUCTS_DIR;
		};
		587EBBA413553DD700E441CC /* 32-bit shell.app */ = {
			isa = PBXReferenceProxy;
			fileType = wrapper.application;
			path = "32-bit shell.app";
			remoteRef = 587EBBA313553DD700E441CC /* PBXContainerItemProxy */;
			sourceTree = BUILT_PRODUCTS_DIR;
		};
		587EBBA613553DD700E441CC /* OsiriXAPI.framework */ = {
			isa = PBXReferenceProxy;
			fileType = wrapper.framework;
			path = OsiriXAPI.framework;
			remoteRef = 587EBBA513553DD700E441CC /* PBXContainerItemProxy */;
			sourceTree = BUILT_PRODUCTS_DIR;
		};
/* End PBXReferenceProxy section */

/* Begin PBXResourcesBuildPhase section */
		8D5B49AF048680CD000E48DA /* Resources */ = {
			isa = PBXResourcesBuildPhase;
			buildActionMask = 2147483647;
			files = (
				583778BC12D65DF800704695 /* StereotaxPointHUD.xib in Resources */,
				5807CE6F12E0F7E0007B0D76 /* InfoPlist.strings in Resources */,
				58CAE22812E6080200B3411E /* COPYING in Resources */,
			);
			runOnlyForDeploymentPostprocessing = 0;
		};
/* End PBXResourcesBuildPhase section */

/* Begin PBXRezBuildPhase section */
		8D5B49B5048680CD000E48DA /* Rez */ = {
			isa = PBXRezBuildPhase;
			buildActionMask = 2147483647;
			files = (
			);
			runOnlyForDeploymentPostprocessing = 0;
		};
/* End PBXRezBuildPhase section */

/* Begin PBXShellScriptBuildPhase section */
		58CAE1E812E6057400B3411E /* Set Build Number */ = {
			isa = PBXShellScriptBuildPhase;
			buildActionMask = 2147483647;
			comments = "This script is for inserting the subversion revision number in the build number.";
			files = (
			);
			inputPaths = (
			);
			name = "Set Build Number";
			outputPaths = (
			);
			runOnlyForDeploymentPostprocessing = 0;
			shellPath = /bin/bash;
			shellScript = "script_file=\"set_build_number.sh\"\necho -e \"starting ${script_file} script for ${PROJECT_NAME}\"\n${PROJECT_DIR}/Scripts/${script_file}\nscriptExitStatus=$?\necho \"DONE with script: ${script_file} (exitStatus=${scriptExitStatus})\"\nexit \"${scriptExitStatus}\"";
		};
/* End PBXShellScriptBuildPhase section */

/* Begin PBXSourcesBuildPhase section */
		8D5B49B1048680CD000E48DA /* Sources */ = {
			isa = PBXSourcesBuildPhase;
			buildActionMask = 2147483647;
			files = (
				ABA48A670680BB690089EB4F /* StereotaxPointFilter.m in Sources */,
				5837788312D65B3800704695 /* StereotaxPointController.m in Sources */,
			);
			runOnlyForDeploymentPostprocessing = 0;
		};
/* End PBXSourcesBuildPhase section */

/* Begin PBXTargetDependency section */
		587EBBA813553E0300E441CC /* PBXTargetDependency */ = {
			isa = PBXTargetDependency;
			name = "OsiriX API";
			targetProxy = 587EBBA713553E0300E441CC /* PBXContainerItemProxy */;
		};
/* End PBXTargetDependency section */

/* Begin PBXVariantGroup section */
		5807CE6D12E0F7E0007B0D76 /* InfoPlist.strings */ = {
			isa = PBXVariantGroup;
			children = (
				5807CE6E12E0F7E0007B0D76 /* English */,
			);
			name = InfoPlist.strings;
			sourceTree = "<group>";
		};
/* End PBXVariantGroup section */

/* Begin XCBuildConfiguration section */
		CE6A9A9108AC841300D0C1EE /* Development */ = {
			isa = XCBuildConfiguration;
			baseConfigurationReference = 589D3773132E914B00F91FA1 /* OsiriXPlugin.xcconfig */;
			buildSettings = {
			};
			name = Development;
		};
		CE6A9A9208AC841300D0C1EE /* Deployment */ = {
			isa = XCBuildConfiguration;
			baseConfigurationReference = 589D3773132E914B00F91FA1 /* OsiriXPlugin.xcconfig */;
			buildSettings = {
			};
			name = Deployment;
		};
		CE6A9A9308AC841300D0C1EE /* Default */ = {
			isa = XCBuildConfiguration;
			baseConfigurationReference = 589D3773132E914B00F91FA1 /* OsiriXPlugin.xcconfig */;
			buildSettings = {
			};
			name = Default;
		};
		CE6A9A9508AC841300D0C1EE /* Development */ = {
			isa = XCBuildConfiguration;
			baseConfigurationReference = 58848837132E779B00A97543 /* Development.xcconfig */;
			buildSettings = {
				MACOSX_DEPLOYMENT_TARGET = 10.6;
				SDKROOT = "$(DEVELOPER_SDK_DIR)/MacOSX10.6.sdk";
				VALID_ARCHS = "i386 x86_64";
			};
			name = Development;
		};
		CE6A9A9608AC841300D0C1EE /* Deployment */ = {
			isa = XCBuildConfiguration;
			baseConfigurationReference = 58848871132E822900A97543 /* Deployment.xcconfig */;
			buildSettings = {
				ARCHS = (
					i386,
					x86_64,
				);
				MACOSX_DEPLOYMENT_TARGET = 10.6;
				SDKROOT = "$(DEVELOPER_SDK_DIR)/MacOSX10.6.sdk";
				VALID_ARCHS = "i386 x86_64";
			};
			name = Deployment;
		};
		CE6A9A9708AC841300D0C1EE /* Default */ = {
			isa = XCBuildConfiguration;
			baseConfigurationReference = 5884886F132E821D00A97543 /* Shared.xcconfig */;
			buildSettings = {
				MACOSX_DEPLOYMENT_TARGET = 10.6;
				SDKROOT = "$(DEVELOPER_SDK_DIR)/MacOSX10.6.sdk";
				VALID_ARCHS = "i386 x86_64";
			};
			name = Default;
		};
/* End XCBuildConfiguration section */

/* Begin XCConfigurationList section */
		CE6A9A9008AC841300D0C1EE /* Build configuration list for PBXNativeTarget "StereotaxPoint" */ = {
			isa = XCConfigurationList;
			buildConfigurations = (
				CE6A9A9108AC841300D0C1EE /* Development */,
				CE6A9A9208AC841300D0C1EE /* Deployment */,
				CE6A9A9308AC841300D0C1EE /* Default */,
			);
			defaultConfigurationIsVisible = 0;
			defaultConfigurationName = Development;
		};
		CE6A9A9408AC841300D0C1EE /* Build configuration list for PBXProject "StereotaxPoint" */ = {
			isa = XCConfigurationList;
			buildConfigurations = (
				CE6A9A9508AC841300D0C1EE /* Development */,
				CE6A9A9608AC841300D0C1EE /* Deployment */,
				CE6A9A9708AC841300D0C1EE /* Default */,
			);
			defaultConfigurationIsVisible = 0;
			defaultConfigurationName = Development;
		};
/* End XCConfigurationList section */
	};
	rootObject = 089C1669FE841209C02AAC07 /* Project object */;
}
