// !$*UTF8*$!
{
	archiveVersion = 1;
	classes = {
	};
	objectVersion = 42;
	objects = {

/* Begin PBXBuildFile section */
		5807CEA112E0F8FD007B0D76 /* InfoPlist.strings in Resources */ = {isa = PBXBuildFile; fileRef = 5807CE9F12E0F8FD007B0D76 /* InfoPlist.strings */; };
		5837761712D3D85000704695 /* COPYING in Resources */ = {isa = PBXBuildFile; fileRef = 5837761612D3D85000704695 /* COPYING */; };
		587EBDE713554C1C00E441CC /* OsiriXAPI.framework in Frameworks */ = {isa = PBXBuildFile; fileRef = 587EBDE413554BFC00E441CC /* OsiriXAPI.framework */; };
		58ADBBCB124A79F800DC7F62 /* StereotaxCoord.h in Headers */ = {isa = PBXBuildFile; fileRef = 58ADBBC9124A79F800DC7F62 /* StereotaxCoord.h */; };
		58ADBBCC124A79F800DC7F62 /* StereotaxCoord.m in Sources */ = {isa = PBXBuildFile; fileRef = 58ADBBCA124A79F800DC7F62 /* StereotaxCoord.m */; };
		58B1568312834A55004EAF70 /* tenTwentyTemplateHUD.xib in Resources */ = {isa = PBXBuildFile; fileRef = 58B1568212834A55004EAF70 /* tenTwentyTemplateHUD.xib */; };
		58C36810124290A0009883A4 /* tenTwentyTemplate.h in Headers */ = {isa = PBXBuildFile; fileRef = 58C3680E124290A0009883A4 /* tenTwentyTemplate.h */; };
		58C36811124290A0009883A4 /* tenTwentyTemplate.m in Sources */ = {isa = PBXBuildFile; fileRef = 58C3680F124290A0009883A4 /* tenTwentyTemplate.m */; };
		58C3702C1247AD7A009883A4 /* parseCSV.h in Headers */ = {isa = PBXBuildFile; fileRef = 58C3702A1247AD7A009883A4 /* parseCSV.h */; };
		58C3702D1247AD7A009883A4 /* parseCSV.m in Sources */ = {isa = PBXBuildFile; fileRef = 58C3702B1247AD7A009883A4 /* parseCSV.m */; };
		58C3703C1247AE52009883A4 /* zeroedTemplate.csv in Resources */ = {isa = PBXBuildFile; fileRef = 58C3703B1247AE52009883A4 /* zeroedTemplate.csv */; };
		8D5B49AE048680CD000E48DA /* ViewTemplate_Prefix.pch in Headers */ = {isa = PBXBuildFile; fileRef = 32DBCF630370AF2F00C91783 /* ViewTemplate_Prefix.pch */; };
		8D5B49B4048680CD000E48DA /* Cocoa.framework in Frameworks */ = {isa = PBXBuildFile; fileRef = 1058C7ADFEA557BF11CA2CBB /* Cocoa.framework */; };
		ABA48A650680BB600089EB4F /* ViewTemplateFilter.h in Headers */ = {isa = PBXBuildFile; fileRef = ABA48A640680BB600089EB4F /* ViewTemplateFilter.h */; };
		ABA48A670680BB690089EB4F /* ViewTemplateFilter.m in Sources */ = {isa = PBXBuildFile; fileRef = ABA48A660680BB690089EB4F /* ViewTemplateFilter.m */; };
/* End PBXBuildFile section */

/* Begin PBXContainerItemProxy section */
		587EBDD313554BFC00E441CC /* PBXContainerItemProxy */ = {
			isa = PBXContainerItemProxy;
			containerPortal = 587EBDC413554BFC00E441CC /* OsiriX.xcodeproj */;
			proxyType = 2;
			remoteGlobalIDString = ABA71D3F06726B1800335A62 /* OsiriX.app */;
			remoteInfo = OsiriX;
		};
		587EBDD513554BFC00E441CC /* PBXContainerItemProxy */ = {
			isa = PBXContainerItemProxy;
			containerPortal = 587EBDC413554BFC00E441CC /* OsiriX.xcodeproj */;
			proxyType = 2;
			remoteGlobalIDString = CEC70A1E10A5C845008935EA /* OsiriX Lite.app */;
			remoteInfo = "OsiriX Lite";
		};
		587EBDD713554BFC00E441CC /* PBXContainerItemProxy */ = {
			isa = PBXContainerItemProxy;
			containerPortal = 587EBDC413554BFC00E441CC /* OsiriX.xcodeproj */;
			proxyType = 2;
			remoteGlobalIDString = 59BDEC2D117C92B2007F1F2C /* OsiriX Launcher.app */;
			remoteInfo = "OsiriX Launcher";
		};
		587EBDD913554BFC00E441CC /* PBXContainerItemProxy */ = {
			isa = PBXContainerItemProxy;
			containerPortal = 587EBDC413554BFC00E441CC /* OsiriX.xcodeproj */;
			proxyType = 2;
			remoteGlobalIDString = 844719AF0FD8EF50003BFDF8 /* OsiriX.framework */;
			remoteInfo = "DCM Framework";
		};
		587EBDDB13554BFC00E441CC /* PBXContainerItemProxy */ = {
			isa = PBXContainerItemProxy;
			containerPortal = 587EBDC413554BFC00E441CC /* OsiriX.xcodeproj */;
			proxyType = 2;
			remoteGlobalIDString = CE9CED810C75BD8C00752D4B /* libDCM StaticLibrary.a */;
			remoteInfo = "DCM StaticLibrary";
		};
		587EBDDD13554BFC00E441CC /* PBXContainerItemProxy */ = {
			isa = PBXContainerItemProxy;
			containerPortal = 587EBDC413554BFC00E441CC /* OsiriX.xcodeproj */;
			proxyType = 2;
			remoteGlobalIDString = AB724FF60ADE6ECB00A212A0 /* Decompress */;
			remoteInfo = Decompress;
		};
		587EBDDF13554BFC00E441CC /* PBXContainerItemProxy */ = {
			isa = PBXContainerItemProxy;
			containerPortal = 587EBDC413554BFC00E441CC /* OsiriX.xcodeproj */;
			proxyType = 2;
			remoteGlobalIDString = CEDF6DD00B46FE99008B45B8 /* DICOMPrint */;
			remoteInfo = DICOMPrint;
		};
		587EBDE113554BFC00E441CC /* PBXContainerItemProxy */ = {
			isa = PBXContainerItemProxy;
			containerPortal = 587EBDC413554BFC00E441CC /* OsiriX.xcodeproj */;
			proxyType = 2;
			remoteGlobalIDString = CEDAAECA0C7B486A00809161 /* 32-bit shell.app */;
			remoteInfo = "32-bit shell";
		};
		587EBDE313554BFC00E441CC /* PBXContainerItemProxy */ = {
			isa = PBXContainerItemProxy;
			containerPortal = 587EBDC413554BFC00E441CC /* OsiriX.xcodeproj */;
			proxyType = 2;
			remoteGlobalIDString = AB0F3A2C1046BD2B004129DD /* OsiriXAPI.framework */;
			remoteInfo = "OsiriX API";
		};
		587EBDE513554C0F00E441CC /* PBXContainerItemProxy */ = {
			isa = PBXContainerItemProxy;
			containerPortal = 587EBDC413554BFC00E441CC /* OsiriX.xcodeproj */;
			proxyType = 1;
			remoteGlobalIDString = AB0F3A2B1046BD2B004129DD /* OsiriX API */;
			remoteInfo = "OsiriX API";
		};
/* End PBXContainerItemProxy section */

/* Begin PBXFileReference section */
		089C1672FE841209C02AAC07 /* Foundation.framework */ = {isa = PBXFileReference; lastKnownFileType = wrapper.framework; name = Foundation.framework; path = /System/Library/Frameworks/Foundation.framework; sourceTree = "<absolute>"; };
		089C167FFE841241C02AAC07 /* AppKit.framework */ = {isa = PBXFileReference; lastKnownFileType = wrapper.framework; name = AppKit.framework; path = /System/Library/Frameworks/AppKit.framework; sourceTree = "<absolute>"; };
		1058C7ADFEA557BF11CA2CBB /* Cocoa.framework */ = {isa = PBXFileReference; lastKnownFileType = wrapper.framework; name = Cocoa.framework; path = /System/Library/Frameworks/Cocoa.framework; sourceTree = "<absolute>"; };
		32DBCF630370AF2F00C91783 /* ViewTemplate_Prefix.pch */ = {isa = PBXFileReference; fileEncoding = 4; lastKnownFileType = sourcecode.c.h; path = ViewTemplate_Prefix.pch; sourceTree = "<group>"; };
		5807CEA012E0F8FD007B0D76 /* English */ = {isa = PBXFileReference; fileEncoding = 4; lastKnownFileType = text.plist.strings; name = English; path = English.lproj/InfoPlist.strings; sourceTree = "<group>"; };
		5837761612D3D85000704695 /* COPYING */ = {isa = PBXFileReference; fileEncoding = 4; lastKnownFileType = text; path = COPYING; sourceTree = "<group>"; };
		587EBDC413554BFC00E441CC /* OsiriX.xcodeproj */ = {isa = PBXFileReference; lastKnownFileType = "wrapper.pb-project"; name = OsiriX.xcodeproj; path = "../osirix-stable/OsiriX.xcodeproj"; sourceTree = SOURCE_ROOT; };
		58848846132E77BD00A97543 /* Development.xcconfig */ = {isa = PBXFileReference; fileEncoding = 4; lastKnownFileType = text.xcconfig; name = Development.xcconfig; path = xcconfigs/Development.xcconfig; sourceTree = "<group>"; };
		5884887F132E82A900A97543 /* Shared.xcconfig */ = {isa = PBXFileReference; fileEncoding = 4; lastKnownFileType = text.xcconfig; name = Shared.xcconfig; path = xcconfigs/Shared.xcconfig; sourceTree = "<group>"; };
		58848881132E82BA00A97543 /* Deployment.xcconfig */ = {isa = PBXFileReference; fileEncoding = 4; lastKnownFileType = text.xcconfig; name = Deployment.xcconfig; path = xcconfigs/Deployment.xcconfig; sourceTree = "<group>"; };
		589D3758132E90A300F91FA1 /* OsiriXPlugin.xcconfig */ = {isa = PBXFileReference; fileEncoding = 4; lastKnownFileType = text.xcconfig; name = OsiriXPlugin.xcconfig; path = xcconfigs/OsiriXPlugin.xcconfig; sourceTree = "<group>"; };
		58ADBBC9124A79F800DC7F62 /* StereotaxCoord.h */ = {isa = PBXFileReference; fileEncoding = 4; lastKnownFileType = sourcecode.c.h; path = StereotaxCoord.h; sourceTree = "<group>"; };
		58ADBBCA124A79F800DC7F62 /* StereotaxCoord.m */ = {isa = PBXFileReference; fileEncoding = 4; lastKnownFileType = sourcecode.c.objc; path = StereotaxCoord.m; sourceTree = "<group>"; };
		58B1568212834A55004EAF70 /* tenTwentyTemplateHUD.xib */ = {isa = PBXFileReference; lastKnownFileType = file.xib; path = tenTwentyTemplateHUD.xib; sourceTree = "<group>"; };
		58BF1CCB12F1DFA70092D4B4 /* set_build_number.sh */ = {isa = PBXFileReference; fileEncoding = 4; lastKnownFileType = text.script.sh; path = set_build_number.sh; sourceTree = "<group>"; };
		58C3680E124290A0009883A4 /* tenTwentyTemplate.h */ = {isa = PBXFileReference; fileEncoding = 4; lastKnownFileType = sourcecode.c.h; path = tenTwentyTemplate.h; sourceTree = "<group>"; };
		58C3680F124290A0009883A4 /* tenTwentyTemplate.m */ = {isa = PBXFileReference; fileEncoding = 4; lastKnownFileType = sourcecode.c.objc; path = tenTwentyTemplate.m; sourceTree = "<group>"; };
		58C3702A1247AD7A009883A4 /* parseCSV.h */ = {isa = PBXFileReference; fileEncoding = 4; lastKnownFileType = sourcecode.c.h; path = parseCSV.h; sourceTree = "<group>"; };
		58C3702B1247AD7A009883A4 /* parseCSV.m */ = {isa = PBXFileReference; fileEncoding = 4; lastKnownFileType = sourcecode.c.objc; path = parseCSV.m; sourceTree = "<group>"; };
		58C3703B1247AE52009883A4 /* zeroedTemplate.csv */ = {isa = PBXFileReference; fileEncoding = 4; lastKnownFileType = text; path = zeroedTemplate.csv; sourceTree = "<group>"; };
		8D5B49B7048680CD000E48DA /* Info.plist */ = {isa = PBXFileReference; fileEncoding = 4; lastKnownFileType = text.plist.xml; path = Info.plist; sourceTree = "<group>"; };
		AB5D36050680E57E00F4007A /* ViewTemplate.osirixplugin */ = {isa = PBXFileReference; explicitFileType = wrapper.cfbundle; includeInIndex = 0; path = ViewTemplate.osirixplugin; sourceTree = BUILT_PRODUCTS_DIR; };
		ABA48A640680BB600089EB4F /* ViewTemplateFilter.h */ = {isa = PBXFileReference; fileEncoding = 30; lastKnownFileType = sourcecode.c.h; path = ViewTemplateFilter.h; sourceTree = "<group>"; };
		ABA48A660680BB690089EB4F /* ViewTemplateFilter.m */ = {isa = PBXFileReference; fileEncoding = 30; lastKnownFileType = sourcecode.c.objc; path = ViewTemplateFilter.m; sourceTree = "<group>"; };
/* End PBXFileReference section */

/* Begin PBXFrameworksBuildPhase section */
		8D5B49B3048680CD000E48DA /* Frameworks */ = {
			isa = PBXFrameworksBuildPhase;
			buildActionMask = 2147483647;
			files = (
				587EBDE713554C1C00E441CC /* OsiriXAPI.framework in Frameworks */,
				8D5B49B4048680CD000E48DA /* Cocoa.framework in Frameworks */,
			);
			runOnlyForDeploymentPostprocessing = 0;
		};
/* End PBXFrameworksBuildPhase section */

/* Begin PBXGroup section */
		089C166AFE841209C02AAC07 /* ViewTemplate */ = {
			isa = PBXGroup;
			children = (
				58848845132E77AC00A97543 /* Build Configurations */,
				08FB77AFFE84173DC02AAC07 /* Classes */,
				587EBDC313554BD100E441CC /* Dependencies */,
				32C88E010371C26100C91783 /* Other Sources */,
				089C167CFE841241C02AAC07 /* Resources */,
				58BF1CCA12F1DFA70092D4B4 /* Scripts */,
				089C1671FE841209C02AAC07 /* Frameworks and Libraries */,
				19C28FB8FE9D52D311CA2CBB /* Products */,
			);
			name = ViewTemplate;
			sourceTree = "<group>";
		};
		089C1671FE841209C02AAC07 /* Frameworks and Libraries */ = {
			isa = PBXGroup;
			children = (
				1058C7ACFEA557BF11CA2CBB /* Linked Frameworks */,
				1058C7AEFEA557BF11CA2CBB /* Other Frameworks */,
			);
			name = "Frameworks and Libraries";
			sourceTree = "<group>";
		};
		089C167CFE841241C02AAC07 /* Resources */ = {
			isa = PBXGroup;
			children = (
				5837761612D3D85000704695 /* COPYING */,
				58C3703B1247AE52009883A4 /* zeroedTemplate.csv */,
				58B1568212834A55004EAF70 /* tenTwentyTemplateHUD.xib */,
				8D5B49B7048680CD000E48DA /* Info.plist */,
				5807CE9F12E0F8FD007B0D76 /* InfoPlist.strings */,
			);
			name = Resources;
			sourceTree = "<group>";
		};
		08FB77AFFE84173DC02AAC07 /* Classes */ = {
			isa = PBXGroup;
			children = (
				AB2C26750677B0C400A08910 /* ViewTemplateFilter */,
			);
			name = Classes;
			sourceTree = "<group>";
		};
		1058C7ACFEA557BF11CA2CBB /* Linked Frameworks */ = {
			isa = PBXGroup;
			children = (
				1058C7ADFEA557BF11CA2CBB /* Cocoa.framework */,
			);
			name = "Linked Frameworks";
			sourceTree = "<group>";
		};
		1058C7AEFEA557BF11CA2CBB /* Other Frameworks */ = {
			isa = PBXGroup;
			children = (
				089C1672FE841209C02AAC07 /* Foundation.framework */,
				089C167FFE841241C02AAC07 /* AppKit.framework */,
			);
			name = "Other Frameworks";
			sourceTree = "<group>";
		};
		19C28FB8FE9D52D311CA2CBB /* Products */ = {
			isa = PBXGroup;
			children = (
				AB5D36050680E57E00F4007A /* ViewTemplate.osirixplugin */,
			);
			name = Products;
			sourceTree = "<group>";
		};
		32C88E010371C26100C91783 /* Other Sources */ = {
			isa = PBXGroup;
			children = (
				32DBCF630370AF2F00C91783 /* ViewTemplate_Prefix.pch */,
			);
			name = "Other Sources";
			sourceTree = "<group>";
		};
		587EBDC313554BD100E441CC /* Dependencies */ = {
			isa = PBXGroup;
			children = (
				587EBDC413554BFC00E441CC /* OsiriX.xcodeproj */,
			);
			name = Dependencies;
			sourceTree = "<group>";
		};
		587EBDC513554BFC00E441CC /* Products */ = {
			isa = PBXGroup;
			children = (
				587EBDD413554BFC00E441CC /* OsiriX.app */,
				587EBDD613554BFC00E441CC /* OsiriX Lite.app */,
				587EBDD813554BFC00E441CC /* OsiriX Launcher.app */,
				587EBDDA13554BFC00E441CC /* OsiriX.framework */,
				587EBDDC13554BFC00E441CC /* libDCM StaticLibrary.a */,
				587EBDDE13554BFC00E441CC /* Decompress */,
				587EBDE013554BFC00E441CC /* DICOMPrint */,
				587EBDE213554BFC00E441CC /* 32-bit shell.app */,
				587EBDE413554BFC00E441CC /* OsiriXAPI.framework */,
			);
			name = Products;
			sourceTree = "<group>";
		};
		58848845132E77AC00A97543 /* Build Configurations */ = {
			isa = PBXGroup;
			children = (
				58848881132E82BA00A97543 /* Deployment.xcconfig */,
				58848846132E77BD00A97543 /* Development.xcconfig */,
				589D3758132E90A300F91FA1 /* OsiriXPlugin.xcconfig */,
				5884887F132E82A900A97543 /* Shared.xcconfig */,
			);
			name = "Build Configurations";
			sourceTree = "<group>";
		};
		58BF1CCA12F1DFA70092D4B4 /* Scripts */ = {
			isa = PBXGroup;
			children = (
				58BF1CCB12F1DFA70092D4B4 /* set_build_number.sh */,
			);
			path = Scripts;
			sourceTree = "<group>";
		};
		AB2C26750677B0C400A08910 /* ViewTemplateFilter */ = {
			isa = PBXGroup;
			children = (
				58C3702A1247AD7A009883A4 /* parseCSV.h */,
				58C3702B1247AD7A009883A4 /* parseCSV.m */,
				58ADBBC9124A79F800DC7F62 /* StereotaxCoord.h */,
				58ADBBCA124A79F800DC7F62 /* StereotaxCoord.m */,
				58C3680E124290A0009883A4 /* tenTwentyTemplate.h */,
				58C3680F124290A0009883A4 /* tenTwentyTemplate.m */,
				ABA48A640680BB600089EB4F /* ViewTemplateFilter.h */,
				ABA48A660680BB690089EB4F /* ViewTemplateFilter.m */,
			);
			name = ViewTemplateFilter;
			sourceTree = "<group>";
		};
/* End PBXGroup section */

/* Begin PBXHeadersBuildPhase section */
		8D5B49AD048680CD000E48DA /* Headers */ = {
			isa = PBXHeadersBuildPhase;
			buildActionMask = 2147483647;
			files = (
				8D5B49AE048680CD000E48DA /* ViewTemplate_Prefix.pch in Headers */,
				ABA48A650680BB600089EB4F /* ViewTemplateFilter.h in Headers */,
				58C36810124290A0009883A4 /* tenTwentyTemplate.h in Headers */,
				58C3702C1247AD7A009883A4 /* parseCSV.h in Headers */,
				58ADBBCB124A79F800DC7F62 /* StereotaxCoord.h in Headers */,
			);
			runOnlyForDeploymentPostprocessing = 0;
		};
/* End PBXHeadersBuildPhase section */

/* Begin PBXNativeTarget section */
		8D5B49AC048680CD000E48DA /* ViewTemplate */ = {
			isa = PBXNativeTarget;
			buildConfigurationList = CE6A9A9008AC841300D0C1EE /* Build configuration list for PBXNativeTarget "ViewTemplate" */;
			buildPhases = (
				8D5B49AD048680CD000E48DA /* Headers */,
				8D5B49AF048680CD000E48DA /* Resources */,
				8D5B49B1048680CD000E48DA /* Sources */,
				58CAE21112E606EA00B3411E /* Set Build Number */,
				8D5B49B3048680CD000E48DA /* Frameworks */,
				8D5B49B5048680CD000E48DA /* Rez */,
			);
			buildRules = (
			);
			dependencies = (
				587EBDE613554C0F00E441CC /* PBXTargetDependency */,
			);
			name = ViewTemplate;
			productInstallPath = "$(HOME)/Library/Bundles";
			productName = Invert;
			productReference = AB5D36050680E57E00F4007A /* ViewTemplate.osirixplugin */;
			productType = "com.apple.product-type.bundle";
		};
/* End PBXNativeTarget section */

/* Begin PBXProject section */
		089C1669FE841209C02AAC07 /* Project object */ = {
			isa = PBXProject;
			buildConfigurationList = CE6A9A9408AC841300D0C1EE /* Build configuration list for PBXProject "ViewTemplate" */;
			compatibilityVersion = "Xcode 2.4";
			developmentRegion = English;
			hasScannedForEncodings = 1;
			knownRegions = (
				English,
				Japanese,
				French,
				German,
			);
			mainGroup = 089C166AFE841209C02AAC07 /* ViewTemplate */;
			projectDirPath = "";
			projectReferences = (
				{
					ProductGroup = 587EBDC513554BFC00E441CC /* Products */;
					ProjectRef = 587EBDC413554BFC00E441CC /* OsiriX.xcodeproj */;
				},
			);
			projectRoot = "";
			targets = (
				8D5B49AC048680CD000E48DA /* ViewTemplate */,
			);
		};
/* End PBXProject section */

/* Begin PBXReferenceProxy section */
		587EBDD413554BFC00E441CC /* OsiriX.app */ = {
			isa = PBXReferenceProxy;
			fileType = wrapper.application;
			path = OsiriX.app;
			remoteRef = 587EBDD313554BFC00E441CC /* PBXContainerItemProxy */;
			sourceTree = BUILT_PRODUCTS_DIR;
		};
		587EBDD613554BFC00E441CC /* OsiriX Lite.app */ = {
			isa = PBXReferenceProxy;
			fileType = wrapper.application;
			path = "OsiriX Lite.app";
			remoteRef = 587EBDD513554BFC00E441CC /* PBXContainerItemProxy */;
			sourceTree = BUILT_PRODUCTS_DIR;
		};
		587EBDD813554BFC00E441CC /* OsiriX Launcher.app */ = {
			isa = PBXReferenceProxy;
			fileType = wrapper.application;
			path = "OsiriX Launcher.app";
			remoteRef = 587EBDD713554BFC00E441CC /* PBXContainerItemProxy */;
			sourceTree = BUILT_PRODUCTS_DIR;
		};
		587EBDDA13554BFC00E441CC /* OsiriX.framework */ = {
			isa = PBXReferenceProxy;
			fileType = wrapper.framework;
			path = OsiriX.framework;
			remoteRef = 587EBDD913554BFC00E441CC /* PBXContainerItemProxy */;
			sourceTree = BUILT_PRODUCTS_DIR;
		};
		587EBDDC13554BFC00E441CC /* libDCM StaticLibrary.a */ = {
			isa = PBXReferenceProxy;
			fileType = archive.ar;
			path = "libDCM StaticLibrary.a";
			remoteRef = 587EBDDB13554BFC00E441CC /* PBXContainerItemProxy */;
			sourceTree = BUILT_PRODUCTS_DIR;
		};
		587EBDDE13554BFC00E441CC /* Decompress */ = {
			isa = PBXReferenceProxy;
			fileType = "compiled.mach-o.executable";
			path = Decompress;
			remoteRef = 587EBDDD13554BFC00E441CC /* PBXContainerItemProxy */;
			sourceTree = BUILT_PRODUCTS_DIR;
		};
		587EBDE013554BFC00E441CC /* DICOMPrint */ = {
			isa = PBXReferenceProxy;
			fileType = "compiled.mach-o.executable";
			path = DICOMPrint;
			remoteRef = 587EBDDF13554BFC00E441CC /* PBXContainerItemProxy */;
			sourceTree = BUILT_PRODUCTS_DIR;
		};
		587EBDE213554BFC00E441CC /* 32-bit shell.app */ = {
			isa = PBXReferenceProxy;
			fileType = wrapper.application;
			path = "32-bit shell.app";
			remoteRef = 587EBDE113554BFC00E441CC /* PBXContainerItemProxy */;
			sourceTree = BUILT_PRODUCTS_DIR;
		};
		587EBDE413554BFC00E441CC /* OsiriXAPI.framework */ = {
			isa = PBXReferenceProxy;
			fileType = wrapper.framework;
			path = OsiriXAPI.framework;
			remoteRef = 587EBDE313554BFC00E441CC /* PBXContainerItemProxy */;
			sourceTree = BUILT_PRODUCTS_DIR;
		};
/* End PBXReferenceProxy section */

/* Begin PBXResourcesBuildPhase section */
		8D5B49AF048680CD000E48DA /* Resources */ = {
			isa = PBXResourcesBuildPhase;
			buildActionMask = 2147483647;
			files = (
				58C3703C1247AE52009883A4 /* zeroedTemplate.csv in Resources */,
				58B1568312834A55004EAF70 /* tenTwentyTemplateHUD.xib in Resources */,
				5837761712D3D85000704695 /* COPYING in Resources */,
				5807CEA112E0F8FD007B0D76 /* InfoPlist.strings in Resources */,
			);
			runOnlyForDeploymentPostprocessing = 0;
		};
/* End PBXResourcesBuildPhase section */

/* Begin PBXRezBuildPhase section */
		8D5B49B5048680CD000E48DA /* Rez */ = {
			isa = PBXRezBuildPhase;
			buildActionMask = 2147483647;
			files = (
			);
			runOnlyForDeploymentPostprocessing = 0;
		};
/* End PBXRezBuildPhase section */

/* Begin PBXShellScriptBuildPhase section */
		58CAE21112E606EA00B3411E /* Set Build Number */ = {
			isa = PBXShellScriptBuildPhase;
			buildActionMask = 2147483647;
			comments = "This script is for inserting the subversion revision number in the build number.";
			files = (
			);
			inputPaths = (
			);
			name = "Set Build Number";
			outputPaths = (
			);
			runOnlyForDeploymentPostprocessing = 0;
			shellPath = /bin/bash;
			shellScript = "script_file=\"set_build_number.sh\"\necho -e \"starting ${script_file} script for ${PROJECT_NAME}\"\n${PROJECT_DIR}/Scripts/${script_file}\nscriptExitStatus=$?\necho \"DONE with script: ${script_file} (exitStatus=${scriptExitStatus})\"\nexit \"${scriptExitStatus}\"";
		};
/* End PBXShellScriptBuildPhase section */

/* Begin PBXSourcesBuildPhase section */
		8D5B49B1048680CD000E48DA /* Sources */ = {
			isa = PBXSourcesBuildPhase;
			buildActionMask = 2147483647;
			files = (
				ABA48A670680BB690089EB4F /* ViewTemplateFilter.m in Sources */,
				58C36811124290A0009883A4 /* tenTwentyTemplate.m in Sources */,
				58C3702D1247AD7A009883A4 /* parseCSV.m in Sources */,
				58ADBBCC124A79F800DC7F62 /* StereotaxCoord.m in Sources */,
			);
			runOnlyForDeploymentPostprocessing = 0;
		};
/* End PBXSourcesBuildPhase section */

/* Begin PBXTargetDependency section */
		587EBDE613554C0F00E441CC /* PBXTargetDependency */ = {
			isa = PBXTargetDependency;
			name = "OsiriX API";
			targetProxy = 587EBDE513554C0F00E441CC /* PBXContainerItemProxy */;
		};
/* End PBXTargetDependency section */

/* Begin PBXVariantGroup section */
		5807CE9F12E0F8FD007B0D76 /* InfoPlist.strings */ = {
			isa = PBXVariantGroup;
			children = (
				5807CEA012E0F8FD007B0D76 /* English */,
			);
			name = InfoPlist.strings;
			sourceTree = "<group>";
		};
/* End PBXVariantGroup section */

/* Begin XCBuildConfiguration section */
		CE6A9A9108AC841300D0C1EE /* Development */ = {
			isa = XCBuildConfiguration;
			baseConfigurationReference = 589D3758132E90A300F91FA1 /* OsiriXPlugin.xcconfig */;
			buildSettings = {
			};
			name = Development;
		};
		CE6A9A9208AC841300D0C1EE /* Deployment */ = {
			isa = XCBuildConfiguration;
			baseConfigurationReference = 589D3758132E90A300F91FA1 /* OsiriXPlugin.xcconfig */;
			buildSettings = {
			};
			name = Deployment;
		};
		CE6A9A9308AC841300D0C1EE /* Default */ = {
			isa = XCBuildConfiguration;
			baseConfigurationReference = 589D3758132E90A300F91FA1 /* OsiriXPlugin.xcconfig */;
			buildSettings = {
			};
			name = Default;
		};
		CE6A9A9508AC841300D0C1EE /* Development */ = {
			isa = XCBuildConfiguration;
			baseConfigurationReference = 58848846132E77BD00A97543 /* Development.xcconfig */;
			buildSettings = {
			};
			name = Development;
		};
		CE6A9A9608AC841300D0C1EE /* Deployment */ = {
			isa = XCBuildConfiguration;
			baseConfigurationReference = 58848881132E82BA00A97543 /* Deployment.xcconfig */;
			buildSettings = {
			};
			name = Deployment;
		};
		CE6A9A9708AC841300D0C1EE /* Default */ = {
			isa = XCBuildConfiguration;
			baseConfigurationReference = 5884887F132E82A900A97543 /* Shared.xcconfig */;
			buildSettings = {
			};
			name = Default;
		};
/* End XCBuildConfiguration section */

/* Begin XCConfigurationList section */
		CE6A9A9008AC841300D0C1EE /* Build configuration list for PBXNativeTarget "ViewTemplate" */ = {
			isa = XCConfigurationList;
			buildConfigurations = (
				CE6A9A9108AC841300D0C1EE /* Development */,
				CE6A9A9208AC841300D0C1EE /* Deployment */,
				CE6A9A9308AC841300D0C1EE /* Default */,
			);
			defaultConfigurationIsVisible = 0;
			defaultConfigurationName = Development;
		};
		CE6A9A9408AC841300D0C1EE /* Build configuration list for PBXProject "ViewTemplate" */ = {
			isa = XCConfigurationList;
			buildConfigurations = (
				CE6A9A9508AC841300D0C1EE /* Development */,
				CE6A9A9608AC841300D0C1EE /* Deployment */,
				CE6A9A9708AC841300D0C1EE /* Default */,
			);
			defaultConfigurationIsVisible = 0;
			defaultConfigurationName = Development;
		};
/* End XCConfigurationList section */
	};
	rootObject = 089C1669FE841209C02AAC07 /* Project object */;
}
